// !$*UTF8*$!
{
	archiveVersion = 1;
	classes = {
	};
	objectVersion = 46;
	objects = {

/* Begin PBXBuildFile section */
		06BD4ADC4C8A4043B5B0FD56 /* FontAwesome.ttf in Resources */ = {isa = PBXBuildFile; fileRef = 09220CCDE54544B0A0A5E2F8 /* FontAwesome.ttf */; };
		13B07FBC1A68108700A75B9A /* AppDelegate.m in Sources */ = {isa = PBXBuildFile; fileRef = 13B07FB01A68108700A75B9A /* AppDelegate.m */; };
		13B07FBF1A68108700A75B9A /* Images.xcassets in Resources */ = {isa = PBXBuildFile; fileRef = 13B07FB51A68108700A75B9A /* Images.xcassets */; };
		13B07FC11A68108700A75B9A /* main.m in Sources */ = {isa = PBXBuildFile; fileRef = 13B07FB71A68108700A75B9A /* main.m */; };
		2959E5EC9066F7A4738AC02C /* libPods-RNPlayNative.a in Frameworks */ = {isa = PBXBuildFile; fileRef = 549B78BE1644B6727A8C299A /* libPods-RNPlayNative.a */; };
		421745301C8802F800D8C9E7 /* libz.tbd in Frameworks */ = {isa = PBXBuildFile; fileRef = 425DE1E51C88018B0050BA5C /* libz.tbd */; };
		421745531C88070C00D8C9E7 /* AppLoadingView.m in Sources */ = {isa = PBXBuildFile; fileRef = 4217454D1C88070C00D8C9E7 /* AppLoadingView.m */; };
		421745551C88070C00D8C9E7 /* AppReloader.m in Sources */ = {isa = PBXBuildFile; fileRef = 4217454F1C88070C00D8C9E7 /* AppReloader.m */; };
		421745571C88070C00D8C9E7 /* ViewController.m in Sources */ = {isa = PBXBuildFile; fileRef = 421745511C88070C00D8C9E7 /* ViewController.m */; };
		4217455B1C88082B00D8C9E7 /* Fabric.framework in Frameworks */ = {isa = PBXBuildFile; fileRef = 421745591C88082B00D8C9E7 /* Fabric.framework */; };
		4217455C1C88082B00D8C9E7 /* Crashlytics.framework in Frameworks */ = {isa = PBXBuildFile; fileRef = 4217455A1C88082B00D8C9E7 /* Crashlytics.framework */; };
		4217456C1C882D6000D8C9E7 /* LaunchScreen.xib in Resources */ = {isa = PBXBuildFile; fileRef = 4217456B1C882D6000D8C9E7 /* LaunchScreen.xib */; };
		4260E1181C8B106F002DC7FA /* AppLoadingView.xib in Resources */ = {isa = PBXBuildFile; fileRef = 4260E1171C8B106F002DC7FA /* AppLoadingView.xib */; };
		4FDA346A1D81D9F000A29C77 /* main.jsbundle in Resources */ = {isa = PBXBuildFile; fileRef = 4FDA34691D81D9F000A29C77 /* main.jsbundle */; };
		78B1CB0CCF1148ED8659E26F /* Ionicons.ttf in Resources */ = {isa = PBXBuildFile; fileRef = F7B75774D7A94F998F53A63B /* Ionicons.ttf */; };
		A5733308276A4D4E8176E792 /* MaterialIcons.ttf in Resources */ = {isa = PBXBuildFile; fileRef = 7BA4E230FB4748688092B758 /* MaterialIcons.ttf */; };
		C2B0DBDA8E134529B66FE19F /* Entypo.ttf in Resources */ = {isa = PBXBuildFile; fileRef = 168753F0A6EB470787219C73 /* Entypo.ttf */; };
		D1AA9761407F43148F9FF609 /* EvilIcons.ttf in Resources */ = {isa = PBXBuildFile; fileRef = E9779337BB9A4D1EA3E103F9 /* EvilIcons.ttf */; };
		DA03BE98D1F34C12A23E5877 /* Foundation.ttf in Resources */ = {isa = PBXBuildFile; fileRef = 94F1285C81A94FAC86100964 /* Foundation.ttf */; };
		E5B35BC26AC54E7FA1784284 /* Octicons.ttf in Resources */ = {isa = PBXBuildFile; fileRef = C4A125FE79A44079B6A52206 /* Octicons.ttf */; };
		FA98048FE9CE4250AA187A9B /* Zocial.ttf in Resources */ = {isa = PBXBuildFile; fileRef = 712F85B17D5E4FA2B61AFBE4 /* Zocial.ttf */; };
/* End PBXBuildFile section */

/* Begin PBXFileReference section */
		09220CCDE54544B0A0A5E2F8 /* FontAwesome.ttf */ = {isa = PBXFileReference; explicitFileType = undefined; fileEncoding = 9; includeInIndex = 0; lastKnownFileType = unknown; name = FontAwesome.ttf; path = "../node_modules/react-native-vector-icons/Fonts/FontAwesome.ttf"; sourceTree = "<group>"; };
		13B07F961A680F5B00A75B9A /* RNPlayNative.app */ = {isa = PBXFileReference; explicitFileType = wrapper.application; includeInIndex = 0; path = RNPlayNative.app; sourceTree = BUILT_PRODUCTS_DIR; };
		13B07FAF1A68108700A75B9A /* AppDelegate.h */ = {isa = PBXFileReference; fileEncoding = 4; lastKnownFileType = sourcecode.c.h; name = AppDelegate.h; path = RNPlayNative/AppDelegate.h; sourceTree = "<group>"; };
		13B07FB01A68108700A75B9A /* AppDelegate.m */ = {isa = PBXFileReference; fileEncoding = 4; lastKnownFileType = sourcecode.c.objc; name = AppDelegate.m; path = RNPlayNative/AppDelegate.m; sourceTree = "<group>"; };
		13B07FB51A68108700A75B9A /* Images.xcassets */ = {isa = PBXFileReference; lastKnownFileType = folder.assetcatalog; name = Images.xcassets; path = RNPlayNative/Images.xcassets; sourceTree = "<group>"; };
		13B07FB61A68108700A75B9A /* Info.plist */ = {isa = PBXFileReference; fileEncoding = 4; lastKnownFileType = text.plist.xml; name = Info.plist; path = RNPlayNative/Info.plist; sourceTree = "<group>"; };
		13B07FB71A68108700A75B9A /* main.m */ = {isa = PBXFileReference; fileEncoding = 4; lastKnownFileType = sourcecode.c.objc; name = main.m; path = RNPlayNative/main.m; sourceTree = "<group>"; };
		168753F0A6EB470787219C73 /* Entypo.ttf */ = {isa = PBXFileReference; explicitFileType = undefined; fileEncoding = 9; includeInIndex = 0; lastKnownFileType = unknown; name = Entypo.ttf; path = "../node_modules/react-native-vector-icons/Fonts/Entypo.ttf"; sourceTree = "<group>"; };
		4217454C1C88070C00D8C9E7 /* AppLoadingView.h */ = {isa = PBXFileReference; lastKnownFileType = sourcecode.c.h; name = AppLoadingView.h; path = RNPlayNative/AppLoadingView.h; sourceTree = "<group>"; };
		4217454D1C88070C00D8C9E7 /* AppLoadingView.m */ = {isa = PBXFileReference; lastKnownFileType = sourcecode.c.objc; name = AppLoadingView.m; path = RNPlayNative/AppLoadingView.m; sourceTree = "<group>"; };
		4217454E1C88070C00D8C9E7 /* AppReloader.h */ = {isa = PBXFileReference; lastKnownFileType = sourcecode.c.h; name = AppReloader.h; path = RNPlayNative/AppReloader.h; sourceTree = "<group>"; };
		4217454F1C88070C00D8C9E7 /* AppReloader.m */ = {isa = PBXFileReference; lastKnownFileType = sourcecode.c.objc; name = AppReloader.m; path = RNPlayNative/AppReloader.m; sourceTree = "<group>"; };
		421745501C88070C00D8C9E7 /* ViewController.h */ = {isa = PBXFileReference; lastKnownFileType = sourcecode.c.h; name = ViewController.h; path = RNPlayNative/ViewController.h; sourceTree = "<group>"; };
		421745511C88070C00D8C9E7 /* ViewController.m */ = {isa = PBXFileReference; lastKnownFileType = sourcecode.c.objc; name = ViewController.m; path = RNPlayNative/ViewController.m; sourceTree = "<group>"; };
		421745591C88082B00D8C9E7 /* Fabric.framework */ = {isa = PBXFileReference; lastKnownFileType = wrapper.framework; path = Fabric.framework; sourceTree = "<group>"; };
		4217455A1C88082B00D8C9E7 /* Crashlytics.framework */ = {isa = PBXFileReference; lastKnownFileType = wrapper.framework; path = Crashlytics.framework; sourceTree = "<group>"; };
		4217456B1C882D6000D8C9E7 /* LaunchScreen.xib */ = {isa = PBXFileReference; fileEncoding = 4; lastKnownFileType = file.xib; path = LaunchScreen.xib; sourceTree = "<group>"; };
		425DE1E51C88018B0050BA5C /* libz.tbd */ = {isa = PBXFileReference; lastKnownFileType = "sourcecode.text-based-dylib-definition"; name = libz.tbd; path = usr/lib/libz.tbd; sourceTree = SDKROOT; };
		4260E1171C8B106F002DC7FA /* AppLoadingView.xib */ = {isa = PBXFileReference; fileEncoding = 4; lastKnownFileType = file.xib; path = AppLoadingView.xib; sourceTree = "<group>"; };
		4FDA34691D81D9F000A29C77 /* main.jsbundle */ = {isa = PBXFileReference; fileEncoding = 4; lastKnownFileType = text; path = main.jsbundle; sourceTree = "<group>"; };
		549B78BE1644B6727A8C299A /* libPods-RNPlayNative.a */ = {isa = PBXFileReference; explicitFileType = archive.ar; includeInIndex = 0; path = "libPods-RNPlayNative.a"; sourceTree = BUILT_PRODUCTS_DIR; };
		712F85B17D5E4FA2B61AFBE4 /* Zocial.ttf */ = {isa = PBXFileReference; explicitFileType = undefined; fileEncoding = 9; includeInIndex = 0; lastKnownFileType = unknown; name = Zocial.ttf; path = "../node_modules/react-native-vector-icons/Fonts/Zocial.ttf"; sourceTree = "<group>"; };
		7BA4E230FB4748688092B758 /* MaterialIcons.ttf */ = {isa = PBXFileReference; explicitFileType = undefined; fileEncoding = 9; includeInIndex = 0; lastKnownFileType = unknown; name = MaterialIcons.ttf; path = "../node_modules/react-native-vector-icons/Fonts/MaterialIcons.ttf"; sourceTree = "<group>"; };
		94F1285C81A94FAC86100964 /* Foundation.ttf */ = {isa = PBXFileReference; explicitFileType = undefined; fileEncoding = 9; includeInIndex = 0; lastKnownFileType = unknown; name = Foundation.ttf; path = "../node_modules/react-native-vector-icons/Fonts/Foundation.ttf"; sourceTree = "<group>"; };
		98883575BE90199BD386B0F4 /* Pods-RNPlayNative.release.xcconfig */ = {isa = PBXFileReference; includeInIndex = 1; lastKnownFileType = text.xcconfig; name = "Pods-RNPlayNative.release.xcconfig"; path = "Pods/Target Support Files/Pods-RNPlayNative/Pods-RNPlayNative.release.xcconfig"; sourceTree = "<group>"; };
		B69BA734DD7CB6DF8A7F9D01 /* Pods-RNPlayNative.debug.xcconfig */ = {isa = PBXFileReference; includeInIndex = 1; lastKnownFileType = text.xcconfig; name = "Pods-RNPlayNative.debug.xcconfig"; path = "Pods/Target Support Files/Pods-RNPlayNative/Pods-RNPlayNative.debug.xcconfig"; sourceTree = "<group>"; };
		C4A125FE79A44079B6A52206 /* Octicons.ttf */ = {isa = PBXFileReference; explicitFileType = undefined; fileEncoding = 9; includeInIndex = 0; lastKnownFileType = unknown; name = Octicons.ttf; path = "../node_modules/react-native-vector-icons/Fonts/Octicons.ttf"; sourceTree = "<group>"; };
		E9779337BB9A4D1EA3E103F9 /* EvilIcons.ttf */ = {isa = PBXFileReference; explicitFileType = undefined; fileEncoding = 9; includeInIndex = 0; lastKnownFileType = unknown; name = EvilIcons.ttf; path = "../node_modules/react-native-vector-icons/Fonts/EvilIcons.ttf"; sourceTree = "<group>"; };
		F7B75774D7A94F998F53A63B /* Ionicons.ttf */ = {isa = PBXFileReference; explicitFileType = undefined; fileEncoding = 9; includeInIndex = 0; lastKnownFileType = unknown; name = Ionicons.ttf; path = "../node_modules/react-native-vector-icons/Fonts/Ionicons.ttf"; sourceTree = "<group>"; };
/* End PBXFileReference section */

/* Begin PBXFrameworksBuildPhase section */
		13B07F8C1A680F5B00A75B9A /* Frameworks */ = {
			isa = PBXFrameworksBuildPhase;
			buildActionMask = 2147483647;
			files = (
				421745301C8802F800D8C9E7 /* libz.tbd in Frameworks */,
				4217455B1C88082B00D8C9E7 /* Fabric.framework in Frameworks */,
				4217455C1C88082B00D8C9E7 /* Crashlytics.framework in Frameworks */,
				2959E5EC9066F7A4738AC02C /* libPods-RNPlayNative.a in Frameworks */,
			);
			runOnlyForDeploymentPostprocessing = 0;
		};
/* End PBXFrameworksBuildPhase section */

/* Begin PBXGroup section */
		13B07FAE1A68108700A75B9A /* RNPlayNative */ = {
			isa = PBXGroup;
			children = (
				4FDA34691D81D9F000A29C77 /* main.jsbundle */,
				13B07FAF1A68108700A75B9A /* AppDelegate.h */,
				13B07FB01A68108700A75B9A /* AppDelegate.m */,
				554162A41C88C12C00F56312 /* AppReloader */,
				13B07FB51A68108700A75B9A /* Images.xcassets */,
				4260E1171C8B106F002DC7FA /* AppLoadingView.xib */,
				4217456B1C882D6000D8C9E7 /* LaunchScreen.xib */,
				13B07FB61A68108700A75B9A /* Info.plist */,
				13B07FB71A68108700A75B9A /* main.m */,
			);
			name = RNPlayNative;
			sourceTree = "<group>";
		};
		554162A41C88C12C00F56312 /* AppReloader */ = {
			isa = PBXGroup;
			children = (
				4217454C1C88070C00D8C9E7 /* AppLoadingView.h */,
				4217454D1C88070C00D8C9E7 /* AppLoadingView.m */,
				4217454E1C88070C00D8C9E7 /* AppReloader.h */,
				4217454F1C88070C00D8C9E7 /* AppReloader.m */,
				421745501C88070C00D8C9E7 /* ViewController.h */,
				421745511C88070C00D8C9E7 /* ViewController.m */,
			);
			name = AppReloader;
			sourceTree = "<group>";
		};
		83CBB9F61A601CBA00E9B192 = {
			isa = PBXGroup;
			children = (
				13B07FAE1A68108700A75B9A /* RNPlayNative */,
				83CBBA001A601CBA00E9B192 /* Products */,
				ACE55141637447BC896A6090 /* Resources */,
				FF1991DCB78890071713C09F /* Pods */,
				90220ECFBCE3ED9A82875143 /* Frameworks */,
			);
			indentWidth = 2;
			sourceTree = "<group>";
			tabWidth = 2;
		};
		83CBBA001A601CBA00E9B192 /* Products */ = {
			isa = PBXGroup;
			children = (
				13B07F961A680F5B00A75B9A /* RNPlayNative.app */,
			);
			name = Products;
			sourceTree = "<group>";
		};
		90220ECFBCE3ED9A82875143 /* Frameworks */ = {
			isa = PBXGroup;
			children = (
				549B78BE1644B6727A8C299A /* libPods-RNPlayNative.a */,
			);
			name = Frameworks;
			sourceTree = "<group>";
		};
		ACE55141637447BC896A6090 /* Resources */ = {
			isa = PBXGroup;
			children = (
				425DE1E51C88018B0050BA5C /* libz.tbd */,
				421745591C88082B00D8C9E7 /* Fabric.framework */,
				4217455A1C88082B00D8C9E7 /* Crashlytics.framework */,
				168753F0A6EB470787219C73 /* Entypo.ttf */,
				E9779337BB9A4D1EA3E103F9 /* EvilIcons.ttf */,
				09220CCDE54544B0A0A5E2F8 /* FontAwesome.ttf */,
				94F1285C81A94FAC86100964 /* Foundation.ttf */,
				F7B75774D7A94F998F53A63B /* Ionicons.ttf */,
				7BA4E230FB4748688092B758 /* MaterialIcons.ttf */,
				C4A125FE79A44079B6A52206 /* Octicons.ttf */,
				712F85B17D5E4FA2B61AFBE4 /* Zocial.ttf */,
			);
			name = Resources;
			sourceTree = "<group>";
		};
		FF1991DCB78890071713C09F /* Pods */ = {
			isa = PBXGroup;
			children = (
				B69BA734DD7CB6DF8A7F9D01 /* Pods-RNPlayNative.debug.xcconfig */,
				98883575BE90199BD386B0F4 /* Pods-RNPlayNative.release.xcconfig */,
			);
			name = Pods;
			sourceTree = "<group>";
		};
/* End PBXGroup section */

/* Begin PBXNativeTarget section */
		13B07F861A680F5B00A75B9A /* RNPlayNative */ = {
			isa = PBXNativeTarget;
			buildConfigurationList = 13B07F931A680F5B00A75B9A /* Build configuration list for PBXNativeTarget "RNPlayNative" */;
			buildPhases = (
				9C5A44854486C84A5420F0D9 /* [CP] Check Pods Manifest.lock */,
				13B07F871A680F5B00A75B9A /* Sources */,
				13B07F8C1A680F5B00A75B9A /* Frameworks */,
				13B07F8E1A680F5B00A75B9A /* Resources */,
				00DD1BFF1BD5951E006B06BC /* Bundle React Native code and images */,
				421745581C8807EC00D8C9E7 /* Fabric */,
				9D5726F60E5F8F0963FAEC8A /* [CP] Embed Pods Frameworks */,
				2EDFB160662B8535857B1DE9 /* [CP] Copy Pods Resources */,
			);
			buildRules = (
			);
			dependencies = (
			);
			name = RNPlayNative;
			productName = "Hello World";
			productReference = 13B07F961A680F5B00A75B9A /* RNPlayNative.app */;
			productType = "com.apple.product-type.application";
		};
/* End PBXNativeTarget section */

/* Begin PBXProject section */
		83CBB9F71A601CBA00E9B192 /* Project object */ = {
			isa = PBXProject;
			attributes = {
				LastUpgradeCheck = 0720;
				ORGANIZATIONNAME = Facebook;
				TargetAttributes = {
					13B07F861A680F5B00A75B9A = {
						DevelopmentTeam = N4R7275KQM;
					};
				};
			};
			buildConfigurationList = 83CBB9FA1A601CBA00E9B192 /* Build configuration list for PBXProject "RNPlayNative" */;
			compatibilityVersion = "Xcode 3.2";
			developmentRegion = English;
			hasScannedForEncodings = 0;
			knownRegions = (
				en,
				Base,
			);
			mainGroup = 83CBB9F61A601CBA00E9B192;
			productRefGroup = 83CBBA001A601CBA00E9B192 /* Products */;
			projectDirPath = "";
			projectRoot = "";
			targets = (
				13B07F861A680F5B00A75B9A /* RNPlayNative */,
			);
		};
/* End PBXProject section */

/* Begin PBXResourcesBuildPhase section */
		13B07F8E1A680F5B00A75B9A /* Resources */ = {
			isa = PBXResourcesBuildPhase;
			buildActionMask = 2147483647;
			files = (
				4217456C1C882D6000D8C9E7 /* LaunchScreen.xib in Resources */,
				4260E1181C8B106F002DC7FA /* AppLoadingView.xib in Resources */,
				13B07FBF1A68108700A75B9A /* Images.xcassets in Resources */,
				4FDA346A1D81D9F000A29C77 /* main.jsbundle in Resources */,
				C2B0DBDA8E134529B66FE19F /* Entypo.ttf in Resources */,
				D1AA9761407F43148F9FF609 /* EvilIcons.ttf in Resources */,
				06BD4ADC4C8A4043B5B0FD56 /* FontAwesome.ttf in Resources */,
				DA03BE98D1F34C12A23E5877 /* Foundation.ttf in Resources */,
				78B1CB0CCF1148ED8659E26F /* Ionicons.ttf in Resources */,
				A5733308276A4D4E8176E792 /* MaterialIcons.ttf in Resources */,
				E5B35BC26AC54E7FA1784284 /* Octicons.ttf in Resources */,
				FA98048FE9CE4250AA187A9B /* Zocial.ttf in Resources */,
			);
			runOnlyForDeploymentPostprocessing = 0;
		};
/* End PBXResourcesBuildPhase section */

/* Begin PBXShellScriptBuildPhase section */
		00DD1BFF1BD5951E006B06BC /* Bundle React Native code and images */ = {
			isa = PBXShellScriptBuildPhase;
			buildActionMask = 2147483647;
			files = (
			);
			inputPaths = (
			);
			name = "Bundle React Native code and images";
			outputPaths = (
			);
			runOnlyForDeploymentPostprocessing = 0;
			shellPath = /bin/sh;
			shellScript = "export NODE_BINARY=node\n../node_modules/react-native/packager/react-native-xcode.sh";
		};
		2EDFB160662B8535857B1DE9 /* [CP] Copy Pods Resources */ = {
			isa = PBXShellScriptBuildPhase;
			buildActionMask = 2147483647;
			files = (
			);
			inputPaths = (
			);
			name = "[CP] Copy Pods Resources";
			outputPaths = (
			);
			runOnlyForDeploymentPostprocessing = 0;
			shellPath = /bin/sh;
			shellScript = "\"${SRCROOT}/Pods/Target Support Files/Pods-RNPlayNative/Pods-RNPlayNative-resources.sh\"\n";
			showEnvVarsInLog = 0;
		};
		421745581C8807EC00D8C9E7 /* Fabric */ = {
			isa = PBXShellScriptBuildPhase;
			buildActionMask = 2147483647;
			files = (
			);
			inputPaths = (
			);
			name = Fabric;
			outputPaths = (
			);
			runOnlyForDeploymentPostprocessing = 0;
			shellPath = /bin/sh;
			shellScript = "./Fabric.framework/run a90e498640897526faed1969eae7edb249e316e7 63e8bdada0fb8b75c2171444539bed079402b4f7d8adb95db9388573769bbf37";
		};
		9C5A44854486C84A5420F0D9 /* [CP] Check Pods Manifest.lock */ = {
			isa = PBXShellScriptBuildPhase;
			buildActionMask = 2147483647;
			files = (
			);
			inputPaths = (
			);
			name = "[CP] Check Pods Manifest.lock";
			outputPaths = (
			);
			runOnlyForDeploymentPostprocessing = 0;
			shellPath = /bin/sh;
			shellScript = "diff \"${PODS_ROOT}/../Podfile.lock\" \"${PODS_ROOT}/Manifest.lock\" > /dev/null\nif [[ $? != 0 ]] ; then\n    cat << EOM\nerror: The sandbox is not in sync with the Podfile.lock. Run 'pod install' or update your CocoaPods installation.\nEOM\n    exit 1\nfi\n";
			showEnvVarsInLog = 0;
		};
		9D5726F60E5F8F0963FAEC8A /* [CP] Embed Pods Frameworks */ = {
			isa = PBXShellScriptBuildPhase;
			buildActionMask = 2147483647;
			files = (
			);
			inputPaths = (
			);
			name = "[CP] Embed Pods Frameworks";
			outputPaths = (
			);
			runOnlyForDeploymentPostprocessing = 0;
			shellPath = /bin/sh;
			shellScript = "\"${SRCROOT}/Pods/Target Support Files/Pods-RNPlayNative/Pods-RNPlayNative-frameworks.sh\"\n";
			showEnvVarsInLog = 0;
		};
/* End PBXShellScriptBuildPhase section */

/* Begin PBXSourcesBuildPhase section */
		13B07F871A680F5B00A75B9A /* Sources */ = {
			isa = PBXSourcesBuildPhase;
			buildActionMask = 2147483647;
			files = (
				421745531C88070C00D8C9E7 /* AppLoadingView.m in Sources */,
				421745551C88070C00D8C9E7 /* AppReloader.m in Sources */,
				421745571C88070C00D8C9E7 /* ViewController.m in Sources */,
				13B07FBC1A68108700A75B9A /* AppDelegate.m in Sources */,
				13B07FC11A68108700A75B9A /* main.m in Sources */,
			);
			runOnlyForDeploymentPostprocessing = 0;
		};
/* End PBXSourcesBuildPhase section */

/* Begin XCBuildConfiguration section */
		13B07F941A680F5B00A75B9A /* Debug */ = {
			isa = XCBuildConfiguration;
			baseConfigurationReference = B69BA734DD7CB6DF8A7F9D01 /* Pods-RNPlayNative.debug.xcconfig */;
			buildSettings = {
				ASSETCATALOG_COMPILER_APPICON_NAME = AppIcon;
				CODE_SIGN_IDENTITY = "iPhone Developer";
				DEAD_CODE_STRIPPING = NO;
				FRAMEWORK_SEARCH_PATHS = "$(inherited)";
				HEADER_SEARCH_PATHS = (
					"$(inherited)",
					/Applications/Xcode.app/Contents/Developer/Toolchains/XcodeDefault.xctoolchain/usr/include,
				);
				INFOPLIST_FILE = RNPlayNative/Info.plist;
				LD_RUNPATH_SEARCH_PATHS = "$(inherited)";
				OTHER_LDFLAGS = "-ObjC";
				PRODUCT_BUNDLE_IDENTIFIER = org.rnplay.playground;
				PRODUCT_NAME = RNPlayNative;
				PROVISIONING_PROFILE = "b5c55bdf-d7de-4424-aee6-5258a78c9b89";
				TARGETED_DEVICE_FAMILY = "1,2";
			};
			name = Debug;
		};
		13B07F951A680F5B00A75B9A /* Release */ = {
			isa = XCBuildConfiguration;
			baseConfigurationReference = 98883575BE90199BD386B0F4 /* Pods-RNPlayNative.release.xcconfig */;
			buildSettings = {
				ASSETCATALOG_COMPILER_APPICON_NAME = AppIcon;
				CODE_SIGN_IDENTITY = "iPhone Distribution";
				FRAMEWORK_SEARCH_PATHS = "$(inherited)";
				GCC_PREPROCESSOR_DEFINITIONS = "";
				HEADER_SEARCH_PATHS = (
					"$(inherited)",
					/Applications/Xcode.app/Contents/Developer/Toolchains/XcodeDefault.xctoolchain/usr/include,
				);
				INFOPLIST_FILE = RNPlayNative/Info.plist;
				LD_RUNPATH_SEARCH_PATHS = "$(inherited)";
				OTHER_LDFLAGS = "-ObjC";
				PRODUCT_BUNDLE_IDENTIFIER = org.rnplay.playground;
				PRODUCT_NAME = RNPlayNative;
				PROVISIONING_PROFILE = "b5c55bdf-d7de-4424-aee6-5258a78c9b89";
				TARGETED_DEVICE_FAMILY = "1,2";
			};
			name = Release;
		};
		83CBBA201A601CBA00E9B192 /* Debug */ = {
			isa = XCBuildConfiguration;
			buildSettings = {
				ALWAYS_SEARCH_USER_PATHS = NO;
				CLANG_CXX_LANGUAGE_STANDARD = "gnu++0x";
				CLANG_CXX_LIBRARY = "libc++";
				CLANG_ENABLE_MODULES = YES;
				CLANG_ENABLE_OBJC_ARC = YES;
				CLANG_WARN_BOOL_CONVERSION = YES;
				CLANG_WARN_CONSTANT_CONVERSION = YES;
				CLANG_WARN_DIRECT_OBJC_ISA_USAGE = YES_ERROR;
				CLANG_WARN_EMPTY_BODY = YES;
				CLANG_WARN_ENUM_CONVERSION = YES;
				CLANG_WARN_INT_CONVERSION = YES;
				CLANG_WARN_OBJC_ROOT_CLASS = YES_ERROR;
				CLANG_WARN_UNREACHABLE_CODE = YES;
				CLANG_WARN__DUPLICATE_METHOD_MATCH = YES;
				"CODE_SIGN_IDENTITY[sdk=iphoneos*]" = "iPhone Developer";
				COPY_PHASE_STRIP = NO;
				ENABLE_STRICT_OBJC_MSGSEND = YES;
				ENABLE_TESTABILITY = YES;
				GCC_C_LANGUAGE_STANDARD = gnu99;
				GCC_DYNAMIC_NO_PIC = NO;
				GCC_OPTIMIZATION_LEVEL = 0;
				GCC_PREPROCESSOR_DEFINITIONS = (
					"DEBUG=1",
					"$(inherited)",
				);
				GCC_SYMBOLS_PRIVATE_EXTERN = NO;
				GCC_WARN_64_TO_32_BIT_CONVERSION = YES;
				GCC_WARN_ABOUT_RETURN_TYPE = YES_ERROR;
				GCC_WARN_UNDECLARED_SELECTOR = YES;
				GCC_WARN_UNINITIALIZED_AUTOS = YES_AGGRESSIVE;
				GCC_WARN_UNUSED_FUNCTION = YES;
				GCC_WARN_UNUSED_VARIABLE = YES;
				HEADER_SEARCH_PATHS = (
					"$(inherited)",
					/Applications/Xcode.app/Contents/Developer/Toolchains/XcodeDefault.xctoolchain/usr/include,
					"$(SRCROOT)/../node_modules/react-native/React/**",
					"$(SRCROOT)/../node_modules/react-native-camera/ios",
					"$(SRCROOT)/../node_modules/react-native-code-push/**",
					"$(SRCROOT)/../node_modules/react-native-userdefaults-ios/RNUserDefaultsIOS",
					"$(SRCROOT)/../node_modules/react-native-vector-icons/RNVectorIconsManager",
				);
				IPHONEOS_DEPLOYMENT_TARGET = 8.4;
				MTL_ENABLE_DEBUG_INFO = YES;
				ONLY_ACTIVE_ARCH = YES;
				SDKROOT = iphoneos;
			};
			name = Debug;
		};
		83CBBA211A601CBA00E9B192 /* Release */ = {
			isa = XCBuildConfiguration;
			buildSettings = {
				ALWAYS_SEARCH_USER_PATHS = NO;
				CLANG_CXX_LANGUAGE_STANDARD = "gnu++0x";
				CLANG_CXX_LIBRARY = "libc++";
				CLANG_ENABLE_MODULES = YES;
				CLANG_ENABLE_OBJC_ARC = YES;
				CLANG_WARN_BOOL_CONVERSION = YES;
				CLANG_WARN_CONSTANT_CONVERSION = YES;
				CLANG_WARN_DIRECT_OBJC_ISA_USAGE = YES_ERROR;
				CLANG_WARN_EMPTY_BODY = YES;
				CLANG_WARN_ENUM_CONVERSION = YES;
				CLANG_WARN_INT_CONVERSION = YES;
				CLANG_WARN_OBJC_ROOT_CLASS = YES_ERROR;
				CLANG_WARN_UNREACHABLE_CODE = YES;
				CLANG_WARN__DUPLICATE_METHOD_MATCH = YES;
				"CODE_SIGN_IDENTITY[sdk=iphoneos*]" = "iPhone Developer";
				COPY_PHASE_STRIP = YES;
				ENABLE_NS_ASSERTIONS = NO;
				ENABLE_STRICT_OBJC_MSGSEND = YES;
				GCC_C_LANGUAGE_STANDARD = gnu99;
				GCC_PREPROCESSOR_DEFINITIONS = "";
				GCC_WARN_64_TO_32_BIT_CONVERSION = YES;
				GCC_WARN_ABOUT_RETURN_TYPE = YES_ERROR;
				GCC_WARN_UNDECLARED_SELECTOR = YES;
				GCC_WARN_UNINITIALIZED_AUTOS = YES_AGGRESSIVE;
				GCC_WARN_UNUSED_FUNCTION = YES;
				GCC_WARN_UNUSED_VARIABLE = YES;
				HEADER_SEARCH_PATHS = (
					"$(inherited)",
					/Applications/Xcode.app/Contents/Developer/Toolchains/XcodeDefault.xctoolchain/usr/include,
					"$(SRCROOT)/../node_modules/react-native/React/**",
					"$(SRCROOT)/../node_modules/react-native-camera/ios",
					"$(SRCROOT)/../node_modules/react-native-code-push/**",
					"$(SRCROOT)/../node_modules/react-native-userdefaults-ios/RNUserDefaultsIOS",
					"$(SRCROOT)/../node_modules/react-native-vector-icons/RNVectorIconsManager",
				);
				IPHONEOS_DEPLOYMENT_TARGET = 8.4;
				MTL_ENABLE_DEBUG_INFO = NO;
				SDKROOT = iphoneos;
				VALIDATE_PRODUCT = YES;
			};
			name = Release;
		};
/* End XCBuildConfiguration section */

/* Begin XCConfigurationList section */
		13B07F931A680F5B00A75B9A /* Build configuration list for PBXNativeTarget "RNPlayNative" */ = {
			isa = XCConfigurationList;
			buildConfigurations = (
				13B07F941A680F5B00A75B9A /* Debug */,
				13B07F951A680F5B00A75B9A /* Release */,
			);
			defaultConfigurationIsVisible = 0;
			defaultConfigurationName = Release;
		};
		83CBB9FA1A601CBA00E9B192 /* Build configuration list for PBXProject "RNPlayNative" */ = {
			isa = XCConfigurationList;
			buildConfigurations = (
				83CBBA201A601CBA00E9B192 /* Debug */,
				83CBBA211A601CBA00E9B192 /* Release */,
			);
			defaultConfigurationIsVisible = 0;
			defaultConfigurationName = Release;
		};
/* End XCConfigurationList section */
	};
	rootObject = 83CBB9F71A601CBA00E9B192 /* Project object */;
}
